// !$*UTF8*$!
{
	archiveVersion = 1;
	classes = {
	};
	objectVersion = 55;
	objects = {

/* Begin PBXBuildFile section */
		CD5222DE278CCF2C00036432 /* AppDelegate.swift in Sources */ = {isa = PBXBuildFile; fileRef = CD5222DD278CCF2C00036432 /* AppDelegate.swift */; };
		CD5222E0278CCF2C00036432 /* SceneDelegate.swift in Sources */ = {isa = PBXBuildFile; fileRef = CD5222DF278CCF2C00036432 /* SceneDelegate.swift */; };
		CD5222E2278CCF2C00036432 /* ViewController.swift in Sources */ = {isa = PBXBuildFile; fileRef = CD5222E1278CCF2C00036432 /* ViewController.swift */; };
		CD5222E5278CCF2C00036432 /* Main.storyboard in Resources */ = {isa = PBXBuildFile; fileRef = CD5222E3278CCF2C00036432 /* Main.storyboard */; };
		CD5222E7278CCF2E00036432 /* Assets.xcassets in Resources */ = {isa = PBXBuildFile; fileRef = CD5222E6278CCF2E00036432 /* Assets.xcassets */; };
		CD5222EA278CCF2E00036432 /* LaunchScreen.storyboard in Resources */ = {isa = PBXBuildFile; fileRef = CD5222E8278CCF2E00036432 /* LaunchScreen.storyboard */; };
		CD5222F2278CD40300036432 /* Contacto.swift in Sources */ = {isa = PBXBuildFile; fileRef = CD5222F1278CD40300036432 /* Contacto.swift */; };
		CDC1527C278DC9BF00E7AB98 /* ViewController2.swift in Sources */ = {isa = PBXBuildFile; fileRef = CDC1527B278DC9BF00E7AB98 /* ViewController2.swift */; };
		CDC1527E278DDBE400E7AB98 /* Empleado.swift in Sources */ = {isa = PBXBuildFile; fileRef = CDC1527D278DDBE400E7AB98 /* Empleado.swift */; };
		CDC15280278DDCF600E7AB98 /* Nomina.swift in Sources */ = {isa = PBXBuildFile; fileRef = CDC1527F278DDCF600E7AB98 /* Nomina.swift */; };
		CDC15282278DDFA000E7AB98 /* Bono.swift in Sources */ = {isa = PBXBuildFile; fileRef = CDC15281278DDFA000E7AB98 /* Bono.swift */; };
/* End PBXBuildFile section */

/* Begin PBXFileReference section */
		CD5222DA278CCF2C00036432 /* practica2.app */ = {isa = PBXFileReference; explicitFileType = wrapper.application; includeInIndex = 0; path = practica2.app; sourceTree = BUILT_PRODUCTS_DIR; };
		CD5222DD278CCF2C00036432 /* AppDelegate.swift */ = {isa = PBXFileReference; lastKnownFileType = sourcecode.swift; path = AppDelegate.swift; sourceTree = "<group>"; };
		CD5222DF278CCF2C00036432 /* SceneDelegate.swift */ = {isa = PBXFileReference; lastKnownFileType = sourcecode.swift; path = SceneDelegate.swift; sourceTree = "<group>"; };
		CD5222E1278CCF2C00036432 /* ViewController.swift */ = {isa = PBXFileReference; lastKnownFileType = sourcecode.swift; path = ViewController.swift; sourceTree = "<group>"; };
		CD5222E4278CCF2C00036432 /* Base */ = {isa = PBXFileReference; lastKnownFileType = file.storyboard; name = Base; path = Base.lproj/Main.storyboard; sourceTree = "<group>"; };
		CD5222E6278CCF2E00036432 /* Assets.xcassets */ = {isa = PBXFileReference; lastKnownFileType = folder.assetcatalog; path = Assets.xcassets; sourceTree = "<group>"; };
		CD5222E9278CCF2E00036432 /* Base */ = {isa = PBXFileReference; lastKnownFileType = file.storyboard; name = Base; path = Base.lproj/LaunchScreen.storyboard; sourceTree = "<group>"; };
		CD5222EB278CCF2E00036432 /* Info.plist */ = {isa = PBXFileReference; lastKnownFileType = text.plist.xml; path = Info.plist; sourceTree = "<group>"; };
		CD5222F1278CD40300036432 /* Contacto.swift */ = {isa = PBXFileReference; lastKnownFileType = sourcecode.swift; path = Contacto.swift; sourceTree = "<group>"; };
		CDC1527B278DC9BF00E7AB98 /* ViewController2.swift */ = {isa = PBXFileReference; lastKnownFileType = sourcecode.swift; path = ViewController2.swift; sourceTree = "<group>"; };
		CDC1527D278DDBE400E7AB98 /* Empleado.swift */ = {isa = PBXFileReference; lastKnownFileType = sourcecode.swift; path = Empleado.swift; sourceTree = "<group>"; };
		CDC1527F278DDCF600E7AB98 /* Nomina.swift */ = {isa = PBXFileReference; lastKnownFileType = sourcecode.swift; path = Nomina.swift; sourceTree = "<group>"; };
		CDC15281278DDFA000E7AB98 /* Bono.swift */ = {isa = PBXFileReference; lastKnownFileType = sourcecode.swift; path = Bono.swift; sourceTree = "<group>"; };
/* End PBXFileReference section */

/* Begin PBXFrameworksBuildPhase section */
		CD5222D7278CCF2C00036432 /* Frameworks */ = {
			isa = PBXFrameworksBuildPhase;
			buildActionMask = 2147483647;
			files = (
			);
			runOnlyForDeploymentPostprocessing = 0;
		};
/* End PBXFrameworksBuildPhase section */

/* Begin PBXGroup section */
		CD5222D1278CCF2C00036432 = {
			isa = PBXGroup;
			children = (
				CD5222DC278CCF2C00036432 /* practica2 */,
				CD5222DB278CCF2C00036432 /* Products */,
			);
			sourceTree = "<group>";
		};
		CD5222DB278CCF2C00036432 /* Products */ = {
			isa = PBXGroup;
			children = (
				CD5222DA278CCF2C00036432 /* practica2.app */,
			);
			name = Products;
			sourceTree = "<group>";
		};
		CD5222DC278CCF2C00036432 /* practica2 */ = {
			isa = PBXGroup;
			children = (
				CD5222DD278CCF2C00036432 /* AppDelegate.swift */,
				CD5222DF278CCF2C00036432 /* SceneDelegate.swift */,
				CD5222E1278CCF2C00036432 /* ViewController.swift */,
				CD5222F1278CD40300036432 /* Contacto.swift */,
				CDC1527D278DDBE400E7AB98 /* Empleado.swift */,
				CDC1527F278DDCF600E7AB98 /* Nomina.swift */,
				CDC15281278DDFA000E7AB98 /* Bono.swift */,
				CD5222E3278CCF2C00036432 /* Main.storyboard */,
				CDC1527B278DC9BF00E7AB98 /* ViewController2.swift */,
				CD5222E6278CCF2E00036432 /* Assets.xcassets */,
				CD5222E8278CCF2E00036432 /* LaunchScreen.storyboard */,
				CD5222EB278CCF2E00036432 /* Info.plist */,
			);
			path = practica2;
			sourceTree = "<group>";
		};
/* End PBXGroup section */

/* Begin PBXNativeTarget section */
		CD5222D9278CCF2C00036432 /* practica2 */ = {
			isa = PBXNativeTarget;
			buildConfigurationList = CD5222EE278CCF2E00036432 /* Build configuration list for PBXNativeTarget "practica2" */;
			buildPhases = (
				CD5222D6278CCF2C00036432 /* Sources */,
				CD5222D7278CCF2C00036432 /* Frameworks */,
				CD5222D8278CCF2C00036432 /* Resources */,
			);
			buildRules = (
			);
			dependencies = (
			);
			name = practica2;
			productName = practica2;
			productReference = CD5222DA278CCF2C00036432 /* practica2.app */;
			productType = "com.apple.product-type.application";
		};
/* End PBXNativeTarget section */

/* Begin PBXProject section */
		CD5222D2278CCF2C00036432 /* Project object */ = {
			isa = PBXProject;
			attributes = {
				BuildIndependentTargetsInParallel = 1;
				LastSwiftUpdateCheck = 1320;
				LastUpgradeCheck = 1320;
				TargetAttributes = {
					CD5222D9278CCF2C00036432 = {
						CreatedOnToolsVersion = 13.2.1;
					};
				};
			};
			buildConfigurationList = CD5222D5278CCF2C00036432 /* Build configuration list for PBXProject "practica2" */;
			compatibilityVersion = "Xcode 13.0";
			developmentRegion = en;
			hasScannedForEncodings = 0;
			knownRegions = (
				en,
				Base,
			);
			mainGroup = CD5222D1278CCF2C00036432;
			productRefGroup = CD5222DB278CCF2C00036432 /* Products */;
			projectDirPath = "";
			projectRoot = "";
			targets = (
				CD5222D9278CCF2C00036432 /* practica2 */,
			);
		};
/* End PBXProject section */

/* Begin PBXResourcesBuildPhase section */
		CD5222D8278CCF2C00036432 /* Resources */ = {
			isa = PBXResourcesBuildPhase;
			buildActionMask = 2147483647;
			files = (
				CD5222EA278CCF2E00036432 /* LaunchScreen.storyboard in Resources */,
				CD5222E7278CCF2E00036432 /* Assets.xcassets in Resources */,
				CD5222E5278CCF2C00036432 /* Main.storyboard in Resources */,
			);
			runOnlyForDeploymentPostprocessing = 0;
		};
/* End PBXResourcesBuildPhase section */

/* Begin PBXSourcesBuildPhase section */
		CD5222D6278CCF2C00036432 /* Sources */ = {
			isa = PBXSourcesBuildPhase;
			buildActionMask = 2147483647;
			files = (
				CDC15280278DDCF600E7AB98 /* Nomina.swift in Sources */,
				CDC1527E278DDBE400E7AB98 /* Empleado.swift in Sources */,
				CDC1527C278DC9BF00E7AB98 /* ViewController2.swift in Sources */,
				CDC15282278DDFA000E7AB98 /* Bono.swift in Sources */,
				CD5222F2278CD40300036432 /* Contacto.swift in Sources */,
				CD5222E2278CCF2C00036432 /* ViewController.swift in Sources */,
				CD5222DE278CCF2C00036432 /* AppDelegate.swift in Sources */,
				CD5222E0278CCF2C00036432 /* SceneDelegate.swift in Sources */,
			);
			runOnlyForDeploymentPostprocessing = 0;
		};
/* End PBXSourcesBuildPhase section */

/* Begin PBXVariantGroup section */
		CD5222E3278CCF2C00036432 /* Main.storyboard */ = {
			isa = PBXVariantGroup;
			children = (
				CD5222E4278CCF2C00036432 /* Base */,
			);
			name = Main.storyboard;
			sourceTree = "<group>";
		};
		CD5222E8278CCF2E00036432 /* LaunchScreen.storyboard */ = {
			isa = PBXVariantGroup;
			children = (
				CD5222E9278CCF2E00036432 /* Base */,
			);
			name = LaunchScreen.storyboard;
			sourceTree = "<group>";
		};
/* End PBXVariantGroup section */

/* Begin XCBuildConfiguration section */
		CD5222EC278CCF2E00036432 /* Debug */ = {
			isa = XCBuildConfiguration;
			buildSettings = {
				ALWAYS_SEARCH_USER_PATHS = NO;
				CLANG_ANALYZER_NONNULL = YES;
				CLANG_ANALYZER_NUMBER_OBJECT_CONVERSION = YES_AGGRESSIVE;
				CLANG_CXX_LANGUAGE_STANDARD = "gnu++17";
				CLANG_CXX_LIBRARY = "libc++";
				CLANG_ENABLE_MODULES = YES;
				CLANG_ENABLE_OBJC_ARC = YES;
				CLANG_ENABLE_OBJC_WEAK = YES;
				CLANG_WARN_BLOCK_CAPTURE_AUTORELEASING = YES;
				CLANG_WARN_BOOL_CONVERSION = YES;
				CLANG_WARN_COMMA = YES;
				CLANG_WARN_CONSTANT_CONVERSION = YES;
				CLANG_WARN_DEPRECATED_OBJC_IMPLEMENTATIONS = YES;
				CLANG_WARN_DIRECT_OBJC_ISA_USAGE = YES_ERROR;
				CLANG_WARN_DOCUMENTATION_COMMENTS = YES;
				CLANG_WARN_EMPTY_BODY = YES;
				CLANG_WARN_ENUM_CONVERSION = YES;
				CLANG_WARN_INFINITE_RECURSION = YES;
				CLANG_WARN_INT_CONVERSION = YES;
				CLANG_WARN_NON_LITERAL_NULL_CONVERSION = YES;
				CLANG_WARN_OBJC_IMPLICIT_RETAIN_SELF = YES;
				CLANG_WARN_OBJC_LITERAL_CONVERSION = YES;
				CLANG_WARN_OBJC_ROOT_CLASS = YES_ERROR;
				CLANG_WARN_QUOTED_INCLUDE_IN_FRAMEWORK_HEADER = YES;
				CLANG_WARN_RANGE_LOOP_ANALYSIS = YES;
				CLANG_WARN_STRICT_PROTOTYPES = YES;
				CLANG_WARN_SUSPICIOUS_MOVE = YES;
				CLANG_WARN_UNGUARDED_AVAILABILITY = YES_AGGRESSIVE;
				CLANG_WARN_UNREACHABLE_CODE = YES;
				CLANG_WARN__DUPLICATE_METHOD_MATCH = YES;
				COPY_PHASE_STRIP = NO;
				DEBUG_INFORMATION_FORMAT = dwarf;
				ENABLE_STRICT_OBJC_MSGSEND = YES;
				ENABLE_TESTABILITY = YES;
				GCC_C_LANGUAGE_STANDARD = gnu11;
				GCC_DYNAMIC_NO_PIC = NO;
				GCC_NO_COMMON_BLOCKS = YES;
				GCC_OPTIMIZATION_LEVEL = 0;
				GCC_PREPROCESSOR_DEFINITIONS = (
					"DEBUG=1",
					"$(inherited)",
				);
				GCC_WARN_64_TO_32_BIT_CONVERSION = YES;
				GCC_WARN_ABOUT_RETURN_TYPE = YES_ERROR;
				GCC_WARN_UNDECLARED_SELECTOR = YES;
				GCC_WARN_UNINITIALIZED_AUTOS = YES_AGGRESSIVE;
				GCC_WARN_UNUSED_FUNCTION = YES;
				GCC_WARN_UNUSED_VARIABLE = YES;
				IPHONEOS_DEPLOYMENT_TARGET = 15.2;
				MTL_ENABLE_DEBUG_INFO = INCLUDE_SOURCE;
				MTL_FAST_MATH = YES;
				ONLY_ACTIVE_ARCH = YES;
				SDKROOT = iphoneos;
				SWIFT_ACTIVE_COMPILATION_CONDITIONS = DEBUG;
				SWIFT_OPTIMIZATION_LEVEL = "-Onone";
			};
			name = Debug;
		};
		CD5222ED278CCF2E00036432 /* Release */ = {
			isa = XCBuildConfiguration;
			buildSettings = {
				ALWAYS_SEARCH_USER_PATHS = NO;
				CLANG_ANALYZER_NONNULL = YES;
				CLANG_ANALYZER_NUMBER_OBJECT_CONVERSION = YES_AGGRESSIVE;
				CLANG_CXX_LANGUAGE_STANDARD = "gnu++17";
				CLANG_CXX_LIBRARY = "libc++";
				CLANG_ENABLE_MODULES = YES;
				CLANG_ENABLE_OBJC_ARC = YES;
				CLANG_ENABLE_OBJC_WEAK = YES;
				CLANG_WARN_BLOCK_CAPTURE_AUTORELEASING = YES;
				CLANG_WARN_BOOL_CONVERSION = YES;
				CLANG_WARN_COMMA = YES;
				CLANG_WARN_CONSTANT_CONVERSION = YES;
				CLANG_WARN_DEPRECATED_OBJC_IMPLEMENTATIONS = YES;
				CLANG_WARN_DIRECT_OBJC_ISA_USAGE = YES_ERROR;
				CLANG_WARN_DOCUMENTATION_COMMENTS = YES;
				CLANG_WARN_EMPTY_BODY = YES;
				CLANG_WARN_ENUM_CONVERSION = YES;
				CLANG_WARN_INFINITE_RECURSION = YES;
				CLANG_WARN_INT_CONVERSION = YES;
				CLANG_WARN_NON_LITERAL_NULL_CONVERSION = YES;
				CLANG_WARN_OBJC_IMPLICIT_RETAIN_SELF = YES;
				CLANG_WARN_OBJC_LITERAL_CONVERSION = YES;
				CLANG_WARN_OBJC_ROOT_CLASS = YES_ERROR;
				CLANG_WARN_QUOTED_INCLUDE_IN_FRAMEWORK_HEADER = YES;
				CLANG_WARN_RANGE_LOOP_ANALYSIS = YES;
				CLANG_WARN_STRICT_PROTOTYPES = YES;
				CLANG_WARN_SUSPICIOUS_MOVE = YES;
				CLANG_WARN_UNGUARDED_AVAILABILITY = YES_AGGRESSIVE;
				CLANG_WARN_UNREACHABLE_CODE = YES;
				CLANG_WARN__DUPLICATE_METHOD_MATCH = YES;
				COPY_PHASE_STRIP = NO;
				DEBUG_INFORMATION_FORMAT = "dwarf-with-dsym";
				ENABLE_NS_ASSERTIONS = NO;
				ENABLE_STRICT_OBJC_MSGSEND = YES;
				GCC_C_LANGUAGE_STANDARD = gnu11;
				GCC_NO_COMMON_BLOCKS = YES;
				GCC_WARN_64_TO_32_BIT_CONVERSION = YES;
				GCC_WARN_ABOUT_RETURN_TYPE = YES_ERROR;
				GCC_WARN_UNDECLARED_SELECTOR = YES;
				GCC_WARN_UNINITIALIZED_AUTOS = YES_AGGRESSIVE;
				GCC_WARN_UNUSED_FUNCTION = YES;
				GCC_WARN_UNUSED_VARIABLE = YES;
				IPHONEOS_DEPLOYMENT_TARGET = 15.2;
				MTL_ENABLE_DEBUG_INFO = NO;
				MTL_FAST_MATH = YES;
				SDKROOT = iphoneos;
				SWIFT_COMPILATION_MODE = wholemodule;
				SWIFT_OPTIMIZATION_LEVEL = "-O";
				VALIDATE_PRODUCT = YES;
			};
			name = Release;
		};
		CD5222EF278CCF2E00036432 /* Debug */ = {
			isa = XCBuildConfiguration;
			buildSettings = {
				ASSETCATALOG_COMPILER_APPICON_NAME = AppIcon;
				ASSETCATALOG_COMPILER_GLOBAL_ACCENT_COLOR_NAME = AccentColor;
				CODE_SIGN_STYLE = Automatic;
				CURRENT_PROJECT_VERSION = 1;
				DEVELOPMENT_TEAM = FNTB26538C;
				GENERATE_INFOPLIST_FILE = YES;
				INFOPLIST_FILE = practica2/Info.plist;
				INFOPLIST_KEY_UIApplicationSupportsIndirectInputEvents = YES;
				INFOPLIST_KEY_UILaunchStoryboardName = LaunchScreen;
				INFOPLIST_KEY_UIMainStoryboardFile = Main;
				INFOPLIST_KEY_UISupportedInterfaceOrientations_iPad = "UIInterfaceOrientationPortrait UIInterfaceOrientationPortraitUpsideDown UIInterfaceOrientationLandscapeLeft UIInterfaceOrientationLandscapeRight";
				INFOPLIST_KEY_UISupportedInterfaceOrientations_iPhone = "UIInterfaceOrientationPortrait UIInterfaceOrientationLandscapeLeft UIInterfaceOrientationLandscapeRight";
				LD_RUNPATH_SEARCH_PATHS = (
					"$(inherited)",
					"@executable_path/Frameworks",
				);
				MARKETING_VERSION = 1.0;
				PRODUCT_BUNDLE_IDENTIFIER = com.netec.practica2;
				PRODUCT_NAME = "$(TARGET_NAME)";
				SWIFT_EMIT_LOC_STRINGS = YES;
				SWIFT_VERSION = 5.0;
				TARGETED_DEVICE_FAMILY = "1,2";
			};
			name = Debug;
		};
		CD5222F0278CCF2E00036432 /* Release */ = {
			isa = XCBuildConfiguration;
			buildSettings = {
				ASSETCATALOG_COMPILER_APPICON_NAME = AppIcon;
				ASSETCATALOG_COMPILER_GLOBAL_ACCENT_COLOR_NAME = AccentColor;
				CODE_SIGN_STYLE = Automatic;
				CURRENT_PROJECT_VERSION = 1;
				DEVELOPMENT_TEAM = FNTB26538C;
				GENERATE_INFOPLIST_FILE = YES;
				INFOPLIST_FILE = practica2/Info.plist;
				INFOPLIST_KEY_UIApplicationSupportsIndirectInputEvents = YES;
				INFOPLIST_KEY_UILaunchStoryboardName = LaunchScreen;
				INFOPLIST_KEY_UIMainStoryboardFile = Main;
				INFOPLIST_KEY_UISupportedInterfaceOrientations_iPad = "UIInterfaceOrientationPortrait UIInterfaceOrientationPortraitUpsideDown UIInterfaceOrientationLandscapeLeft UIInterfaceOrientationLandscapeRight";
				INFOPLIST_KEY_UISupportedInterfaceOrientations_iPhone = "UIInterfaceOrientationPortrait UIInterfaceOrientationLandscapeLeft UIInterfaceOrientationLandscapeRight";
				LD_RUNPATH_SEARCH_PATHS = (
					"$(inherited)",
					"@executable_path/Frameworks",
				);
				MARKETING_VERSION = 1.0;
				PRODUCT_BUNDLE_IDENTIFIER = com.netec.practica2;
				PRODUCT_NAME = "$(TARGET_NAME)";
				SWIFT_EMIT_LOC_STRINGS = YES;
				SWIFT_VERSION = 5.0;
				TARGETED_DEVICE_FAMILY = "1,2";
			};
			name = Release;
		};
/* End XCBuildConfiguration section */

/* Begin XCConfigurationList section */
		CD5222D5278CCF2C00036432 /* Build configuration list for PBXProject "practica2" */ = {
			isa = XCConfigurationList;
			buildConfigurations = (
				CD5222EC278CCF2E00036432 /* Debug */,
				CD5222ED278CCF2E00036432 /* Release */,
			);
			defaultConfigurationIsVisible = 0;
			defaultConfigurationName = Release;
		};
		CD5222EE278CCF2E00036432 /* Build configuration list for PBXNativeTarget "practica2" */ = {
			isa = XCConfigurationList;
			buildConfigurations = (
				CD5222EF278CCF2E00036432 /* Debug */,
				CD5222F0278CCF2E00036432 /* Release */,
			);
			defaultConfigurationIsVisible = 0;
			defaultConfigurationName = Release;
		};
/* End XCConfigurationList section */
	};
	rootObject = CD5222D2278CCF2C00036432 /* Project object */;
}
